github.com/gorilla/websocket v1.5.0 h1:PPwGk2jz7EePpoHN/+ClbZu8SPxiqlu12wZP/3sWmnc=
github.com/gorilla/websocket v1.5.0/go.mod h1:YR8l580nyteQvAITg2hZ9XVh4b55+EU/adAjf1fMHhE=
github.com/mattn/go-xmpp v0.0.0-20220712221724-2eb234970ce7 h1:0U0Eg1+Rl7tJvK4VSVQEfdZnZw846o73XJkq+DUpsEA=
github.com/mattn/go-xmpp v0.0.0-20220712221724-2eb234970ce7/go.mod h1:Cs5mF0OsrRRmhkyOod//ldNPOwJsrBvJ+1WRspv0xoc=
github.com/mattn/go-xmpp v0.0.0-20230302152058-9129a110df1b h1:iZs1Qzm04m3g37+T6bPrPEOXPlZEBAXPb2YCjs29QrA=
github.com/mattn/go-xmpp v0.0.0-20230302152058-9129a110df1b/go.mod h1:Cs5mF0OsrRRmhkyOod//ldNPOwJsrBvJ+1WRspv0xoc=
github.com/mattn/go-xmpp v0.0.1 h1:njHom/3EP3ynacLHX9lBpKMMknYL76ic/19fPsR6MB8=
github.com/mattn/go-xmpp v0.0.1/go.mod h1:Cs5mF0OsrRRmhkyOod//ldNPOwJsrBvJ+1WRspv0xoc=
golang.org/x/crypto v0.10.0 h1:LKqV2xt9+kDzSTfOhx4FrkEBcMrAgHSYgzywV9zcGmM=
golang.org/x/crypto v0.10.0/go.mod h1:o4eNf7Ede1fv+hwOwZsTHl9EsPFO6q6ZvYR8vYfY45I=
golang.org/x/crypto v0.11.0 h1:6Ewdq3tDic1mg5xRO4milcWCfMVQhI4NkqWWvqejpuA=
golang.org/x/crypto v0.11.0/go.mod h1:xgJhtzW8F9jGdVFWZESrid1U1bjeNy4zgy5cRr/CIio=
